
Microsoft Visual Studio Solution File, Format Version 12.00
# Visual Studio Version 17
VisualStudioVersion = 17.7.34024.191
MinimumVisualStudioVersion = 10.0.40219.1
Project("{9A19103F-16F7-4668-BE54-9A1E7A4F7556}") = "Factory Pattern", "Factory Pattern.csproj", "{49D52664-4665-449B-8020-5A7DABC24D60}"
EndProject
Global
	GlobalSection(SolutionConfigurationPlatforms) = preSolution
		Debug|Any CPU = Debug|Any CPU
		Release|Any CPU = Release|Any CPU
	EndGlobalSection
	GlobalSection(ProjectConfigurationPlatforms) = postSolution
		{49D52664-4665-449B-8020-5A7DABC24D60}.Debug|Any CPU.ActiveCfg = Debug|Any CPU
		{49D52664-4665-449B-8020-5A7DABC24D60}.Debug|Any CPU.Build.0 = Debug|Any CPU
		{49D52664-4665-449B-8020-5A7DABC24D60}.Release|Any CPU.ActiveCfg = Release|Any CPU
		{49D52664-4665-449B-8020-5A7DABC24D60}.Release|Any CPU.Build.0 = Release|Any CPU
	EndGlobalSection
	GlobalSection(SolutionProperties) = preSolution
		HideSolutionNode = FALSE
	EndGlobalSection
	GlobalSection(ExtensibilityGlobals) = postSolution
		SolutionGuid = {F94C33C6-DB64-49F7-BF7C-81463D9FCF02}
	EndGlobalSection
EndGlobal
